
Microsoft Visual Studio Solution File, Format Version 12.00
# Visual Studio 15
Project("{FAE04EC0-301F-11D3-BF4B-00C04F79EFBC}") = "Deliverable1", "Deliverable1\Deliverable1.csproj", "{AE937640-D2A0-4BD0-A119-9063551DEDE8}"
EndProject
Global
	GlobalSection(SolutionConfigurationPlatforms) = preSolution
		Debug|Any CPU = Debug|Any CPU
		Release|Any CPU = Release|Any CPU
	EndGlobalSection
	GlobalSection(ProjectConfigurationPlatforms) = postSolution
		{AE937640-D2A0-4BD0-A119-9063551DEDE8}.Debug|Any CPU.ActiveCfg = Debug|Any CPU
		{AE937640-D2A0-4BD0-A119-9063551DEDE8}.Debug|Any CPU.Build.0 = Debug|Any CPU
		{AE937640-D2A0-4BD0-A119-9063551DEDE8}.Release|Any CPU.ActiveCfg = Release|Any CPU
		{AE937640-D2A0-4BD0-A119-9063551DEDE8}.Release|Any CPU.Build.0 = Release|Any CPU
	EndGlobalSection
EndGlobal
